
Microsoft Visual Studio Solution File, Format Version 12.00
# Visual Studio Version 16
VisualStudioVersion = 16.0.31729.503
MinimumVisualStudioVersion = 10.0.40219.1
Project("{FAE04EC0-301F-11D3-BF4B-00C04F79EFBC}") = "DemoApp.Web", "DemoApp.Web\DemoApp.Web.csproj", "{AEC6EDA9-D3EF-4B0F-A69C-650D90461945}"
EndProject
Project("{FAE04EC0-301F-11D3-BF4B-00C04F79EFBC}") = "DemoApp.Data", "DemoApp.Data\DemoApp.Data.csproj", "{D343855A-D53D-4E12-8324-2123FE1F32FC}"
EndProject
Global
	GlobalSection(SolutionConfigurationPlatforms) = preSolution
		Debug|Any CPU = Debug|Any CPU
		Release|Any CPU = Release|Any CPU
	EndGlobalSection
	GlobalSection(ProjectConfigurationPlatforms) = postSolution
		{AEC6EDA9-D3EF-4B0F-A69C-650D90461945}.Debug|Any CPU.ActiveCfg = Debug|Any CPU
		{AEC6EDA9-D3EF-4B0F-A69C-650D90461945}.Debug|Any CPU.Build.0 = Debug|Any CPU
		{AEC6EDA9-D3EF-4B0F-A69C-650D90461945}.Release|Any CPU.ActiveCfg = Release|Any CPU
		{AEC6EDA9-D3EF-4B0F-A69C-650D90461945}.Release|Any CPU.Build.0 = Release|Any CPU
		{D343855A-D53D-4E12-8324-2123FE1F32FC}.Debug|Any CPU.ActiveCfg = Debug|Any CPU
		{D343855A-D53D-4E12-8324-2123FE1F32FC}.Debug|Any CPU.Build.0 = Debug|Any CPU
		{D343855A-D53D-4E12-8324-2123FE1F32FC}.Release|Any CPU.ActiveCfg = Release|Any CPU
		{D343855A-D53D-4E12-8324-2123FE1F32FC}.Release|Any CPU.Build.0 = Release|Any CPU
	EndGlobalSection
	GlobalSection(SolutionProperties) = preSolution
		HideSolutionNode = FALSE
	EndGlobalSection
	GlobalSection(ExtensibilityGlobals) = postSolution
		SolutionGuid = {5BA5A10E-2A13-418B-B65F-5270B4009B20}
	EndGlobalSection
EndGlobal
